
Microsoft Visual Studio Solution File, Format Version 12.00
# Visual Studio 15
VisualStudioVersion = 15.0.27703.2026
MinimumVisualStudioVersion = 10.0.40219.1
Project("{FAE04EC0-301F-11D3-BF4B-00C04F79EFBC}") = "BattleBotz-DatabaseTool", "BattleBotz-DatabaseTool\BattleBotz-DatabaseTool.csproj", "{A7BCE4D8-D4A8-4A67-A392-A705E99C5FEA}"
EndProject
Global
	GlobalSection(SolutionConfigurationPlatforms) = preSolution
		Debug|Any CPU = Debug|Any CPU
		Release|Any CPU = Release|Any CPU
	EndGlobalSection
	GlobalSection(ProjectConfigurationPlatforms) = postSolution
		{A7BCE4D8-D4A8-4A67-A392-A705E99C5FEA}.Debug|Any CPU.ActiveCfg = Debug|Any CPU
		{A7BCE4D8-D4A8-4A67-A392-A705E99C5FEA}.Debug|Any CPU.Build.0 = Debug|Any CPU
		{A7BCE4D8-D4A8-4A67-A392-A705E99C5FEA}.Release|Any CPU.ActiveCfg = Release|Any CPU
		{A7BCE4D8-D4A8-4A67-A392-A705E99C5FEA}.Release|Any CPU.Build.0 = Release|Any CPU
	EndGlobalSection
	GlobalSection(SolutionProperties) = preSolution
		HideSolutionNode = FALSE
	EndGlobalSection
	GlobalSection(ExtensibilityGlobals) = postSolution
		SolutionGuid = {8E8678FE-B0F7-4FAB-B669-ABA36C37C54C}
	EndGlobalSection
EndGlobal
